# This file is automatically @generated by Cargo.
# It is not intended for manual editing.
[[package]]
name = "adler"
version = "0.2.2"
source = "registry+https://github.com/rust-lang/crates.io-index"
checksum = "ccc9a9dd069569f212bc4330af9f17c4afb5e8ce185e83dbb14f1349dda18b10"

[[package]]
name = "aho-corasick"
version = "0.7.10"
source = "registry+https://github.com/rust-lang/crates.io-index"
checksum = "8716408b8bc624ed7f65d223ddb9ac2d044c0547b6fa4b0d554f3a9540496ada"
dependencies = [
 "memchr",
]

[[package]]
name = "andrew"
version = "0.2.1"
source = "registry+https://github.com/rust-lang/crates.io-index"
checksum = "9b7f09f89872c2b6b29e319377b1fbe91c6f5947df19a25596e121cf19a7b35e"
dependencies = [
 "bitflags 1.2.1",
 "line_drawing",
 "rusttype 0.7.9",
 "walkdir",
 "xdg",
 "xml-rs",
]

[[package]]
name = "android_glue"
version = "0.2.3"
source = "registry+https://github.com/rust-lang/crates.io-index"
checksum = "000444226fcff248f2bc4c7625be32c63caccfecc2723a2b9f78a7487a49c407"

[[package]]
name = "approx"
version = "0.3.2"
source = "registry+https://github.com/rust-lang/crates.io-index"
checksum = "f0e60b75072ecd4168020818c0107f2857bb6c4e64252d8d3983f6263b40a5c3"
dependencies = [
 "num-traits",
]

[[package]]
name = "arrayref"
version = "0.3.6"
source = "registry+https://github.com/rust-lang/crates.io-index"
checksum = "a4c527152e37cf757a3f78aae5a06fbeefdb07ccc535c980a3208ee3060dd544"

[[package]]
name = "arrayvec"
version = "0.5.1"
source = "registry+https://github.com/rust-lang/crates.io-index"
checksum = "cff77d8686867eceff3105329d4698d96c2391c176d5d03adc90c7389162b5b8"

[[package]]
name = "autocfg"
version = "1.0.0"
source = "registry+https://github.com/rust-lang/crates.io-index"
checksum = "f8aac770f1885fd7e387acedd76065302551364496e46b3dd00860b2f8359b9d"

[[package]]
name = "base64"
version = "0.11.0"
source = "registry+https://github.com/rust-lang/crates.io-index"
checksum = "b41b7ea54a0c9d92199de89e20e58d49f02f8e699814ef3fdf266f6f748d15c7"

[[package]]
name = "base64"
version = "0.12.3"
source = "registry+https://github.com/rust-lang/crates.io-index"
checksum = "3441f0f7b02788e948e47f457ca01f1d7e6d92c693bc132c22b087d3141c03ff"

[[package]]
name = "bincode"
version = "1.3.1"
source = "registry+https://github.com/rust-lang/crates.io-index"
checksum = "f30d3a39baa26f9651f17b375061f3233dde33424a8b72b0dbe93a68a0bc896d"
dependencies = [
 "byteorder",
 "serde",
]

[[package]]
name = "bitflags"
version = "0.9.1"
source = "registry+https://github.com/rust-lang/crates.io-index"
checksum = "4efd02e230a02e18f92fc2735f44597385ed02ad8f831e7c1c1156ee5e1ab3a5"

[[package]]
name = "bitflags"
version = "1.2.1"
source = "registry+https://github.com/rust-lang/crates.io-index"
checksum = "cf1de2fe8c75bc145a2f577add951f8134889b4795d47466a54a5c846d691693"

[[package]]
name = "blake2b_simd"
version = "0.5.10"
source = "registry+https://github.com/rust-lang/crates.io-index"
checksum = "d8fb2d74254a3a0b5cac33ac9f8ed0e44aa50378d9dbb2e5d83bd21ed1dc2c8a"
dependencies = [
 "arrayref",
 "arrayvec",
 "constant_time_eq",
]

[[package]]
name = "block"
version = "0.1.6"
source = "registry+https://github.com/rust-lang/crates.io-index"
checksum = "0d8c1fef690941d3e7788d328517591fecc684c084084702d6ff1641e993699a"

[[package]]
name = "byteorder"
version = "1.3.4"
source = "registry+https://github.com/rust-lang/crates.io-index"
checksum = "08c48aae112d48ed9f069b33538ea9e3e90aa263cfa3d1c24309612b1f7472de"

[[package]]
name = "cairo-sys-rs"
version = "0.4.0"
source = "registry+https://github.com/rust-lang/crates.io-index"
checksum = "9e8a1e2a76ac09b959788c2c30a355d693ce6f7f7d7268f6d1dd5d8c3359c521"
dependencies = [
 "libc",
 "pkg-config",
 "winapi 0.2.8",
]

[[package]]
name = "calloop"
version = "0.4.4"
source = "registry+https://github.com/rust-lang/crates.io-index"
checksum = "7aa2097be53a00de9e8fc349fea6d76221f398f5c4fa550d420669906962d160"
dependencies = [
 "mio",
 "mio-extras",
 "nix 0.14.1",
]

[[package]]
name = "cc"
version = "1.0.50"
source = "registry+https://github.com/rust-lang/crates.io-index"
checksum = "95e28fa049fda1c330bcf9d723be7663a899c4679724b34c81e9f5a326aab8cd"

[[package]]
name = "cfg-if"
version = "0.1.10"
source = "registry+https://github.com/rust-lang/crates.io-index"
checksum = "4785bdd1c96b2a846b2bd7cc02e86b6b3dbf14e7e53446c4f54c92a361040822"

[[package]]
name = "chrono"
version = "0.4.11"
source = "registry+https://github.com/rust-lang/crates.io-index"
checksum = "80094f509cf8b5ae86a4966a39b3ff66cd7e2a3e594accec3743ff3fabeab5b2"
dependencies = [
 "num-integer",
 "num-traits",
]

[[package]]
name = "cloudabi"
version = "0.0.3"
source = "registry+https://github.com/rust-lang/crates.io-index"
checksum = "ddfc5b9aa5d4507acaf872de71051dfd0e309860e88966e1051e462a077aac4f"
dependencies = [
 "bitflags 1.2.1",
]

[[package]]
name = "cmake"
version = "0.1.42"
source = "registry+https://github.com/rust-lang/crates.io-index"
checksum = "81fb25b677f8bf1eb325017cb6bb8452f87969db0fedb4f757b297bee78a7c62"
dependencies = [
 "cc",
]

[[package]]
name = "cocoa"
version = "0.19.1"
source = "registry+https://github.com/rust-lang/crates.io-index"
checksum = "f29f7768b2d1be17b96158e3285951d366b40211320fb30826a76cb7a0da6400"
dependencies = [
 "bitflags 1.2.1",
 "block",
 "core-foundation 0.6.4",
 "core-graphics 0.17.3",
 "foreign-types",
 "libc",
 "objc",
]

[[package]]
name = "cocoa"
version = "0.23.0"
source = "registry+https://github.com/rust-lang/crates.io-index"
checksum = "c54201c07dcf3a5ca33fececb8042aed767ee4bfd5a0235a8ceabcda956044b2"
dependencies = [
 "bitflags 1.2.1",
 "block",
 "cocoa-foundation",
 "core-foundation 0.9.0",
 "core-graphics 0.22.0",
 "foreign-types",
 "libc",
 "objc",
]

[[package]]
name = "cocoa-foundation"
version = "0.1.0"
source = "registry+https://github.com/rust-lang/crates.io-index"
checksum = "7ade49b65d560ca58c403a479bb396592b155c0185eada742ee323d1d68d6318"
dependencies = [
 "bitflags 1.2.1",
 "block",
 "core-foundation 0.9.0",
 "core-graphics-types",
 "foreign-types",
 "libc",
 "objc",
]

[[package]]
name = "constant_time_eq"
version = "0.1.5"
source = "registry+https://github.com/rust-lang/crates.io-index"
checksum = "245097e9a4535ee1e3e3931fcfcd55a796a44c643e8596ff6566d68f09b87bbc"

[[package]]
name = "core-foundation"
version = "0.6.4"
source = "registry+https://github.com/rust-lang/crates.io-index"
checksum = "25b9e03f145fd4f2bf705e07b900cd41fc636598fe5dc452fd0db1441c3f496d"
dependencies = [
 "core-foundation-sys 0.6.2",
 "libc",
]

[[package]]
name = "core-foundation"
version = "0.9.0"
source = "registry+https://github.com/rust-lang/crates.io-index"
checksum = "3b5ed8e7e76c45974e15e41bfa8d5b0483cd90191639e01d8f5f1e606299d3fb"
dependencies = [
 "core-foundation-sys 0.8.0",
 "libc",
]

[[package]]
name = "core-foundation-sys"
version = "0.6.2"
source = "registry+https://github.com/rust-lang/crates.io-index"
checksum = "e7ca8a5221364ef15ce201e8ed2f609fc312682a8f4e0e3d4aa5879764e0fa3b"

[[package]]
name = "core-foundation-sys"
version = "0.8.0"
source = "registry+https://github.com/rust-lang/crates.io-index"
checksum = "9a21fa21941700a3cd8fcb4091f361a6a712fac632f85d9f487cc892045d55c6"

[[package]]
name = "core-graphics"
version = "0.17.3"
source = "registry+https://github.com/rust-lang/crates.io-index"
checksum = "56790968ab1c8a1202a102e6de05fc6e1ec87da99e4e93e9a7d13efbfc1e95a9"
dependencies = [
 "bitflags 1.2.1",
 "core-foundation 0.6.4",
 "foreign-types",
 "libc",
]

[[package]]
name = "core-graphics"
version = "0.22.0"
source = "registry+https://github.com/rust-lang/crates.io-index"
checksum = "f6082396a349fa49674ba1bda4077332a18bf150e8fa75745ece07085e29a113"
dependencies = [
 "bitflags 1.2.1",
 "core-foundation 0.9.0",
 "core-graphics-types",
 "foreign-types",
 "libc",
]

[[package]]
name = "core-graphics-types"
version = "0.1.0"
source = "registry+https://github.com/rust-lang/crates.io-index"
checksum = "e92f5d519093a4178296707dbaa3880eae85a5ef5386675f361a1cf25376e93c"
dependencies = [
 "bitflags 1.2.1",
 "core-foundation 0.9.0",
 "foreign-types",
 "libc",
]

[[package]]
name = "core-video-sys"
version = "0.1.3"
source = "registry+https://github.com/rust-lang/crates.io-index"
checksum = "8dc065219542086f72d1e9f7aadbbab0989e980263695d129d502082d063a9d0"
dependencies = [
 "cfg-if",
 "core-foundation-sys 0.6.2",
 "core-graphics 0.17.3",
 "libc",
 "objc",
]

[[package]]
name = "crc32fast"
version = "1.2.0"
source = "registry+https://github.com/rust-lang/crates.io-index"
checksum = "ba125de2af0df55319f41944744ad91c71113bf74a4646efff39afe1f6842db1"
dependencies = [
 "cfg-if",
]

[[package]]
name = "crossbeam"
version = "0.7.3"
source = "registry+https://github.com/rust-lang/crates.io-index"
checksum = "69323bff1fb41c635347b8ead484a5ca6c3f11914d784170b158d8449ab07f8e"
dependencies = [
 "cfg-if",
 "crossbeam-channel",
 "crossbeam-deque",
 "crossbeam-epoch",
 "crossbeam-queue",
 "crossbeam-utils",
]

[[package]]
name = "crossbeam-channel"
version = "0.4.2"
source = "registry+https://github.com/rust-lang/crates.io-index"
checksum = "cced8691919c02aac3cb0a1bc2e9b73d89e832bf9a06fc579d4e71b68a2da061"
dependencies = [
 "crossbeam-utils",
 "maybe-uninit",
]

[[package]]
name = "crossbeam-deque"
version = "0.7.3"
source = "registry+https://github.com/rust-lang/crates.io-index"
checksum = "9f02af974daeee82218205558e51ec8768b48cf524bd01d550abe5573a608285"
dependencies = [
 "crossbeam-epoch",
 "crossbeam-utils",
 "maybe-uninit",
]

[[package]]
name = "crossbeam-epoch"
version = "0.8.2"
source = "registry+https://github.com/rust-lang/crates.io-index"
checksum = "058ed274caafc1f60c4997b5fc07bf7dc7cca454af7c6e81edffe5f33f70dace"
dependencies = [
 "autocfg",
 "cfg-if",
 "crossbeam-utils",
 "lazy_static",
 "maybe-uninit",
 "memoffset",
 "scopeguard",
]

[[package]]
name = "crossbeam-queue"
version = "0.2.3"
source = "registry+https://github.com/rust-lang/crates.io-index"
checksum = "774ba60a54c213d409d5353bda12d49cd68d14e45036a285234c8d6f91f92570"
dependencies = [
 "cfg-if",
 "crossbeam-utils",
 "maybe-uninit",
]

[[package]]
name = "crossbeam-utils"
version = "0.7.2"
source = "registry+https://github.com/rust-lang/crates.io-index"
checksum = "c3c7c73a2d1e9fc0886a08b93e98eb643461230d5f1925e4036204d5f2e261a8"
dependencies = [
 "autocfg",
 "cfg-if",
 "lazy_static",
]

[[package]]
name = "directories-next"
version = "1.0.1"
source = "registry+https://github.com/rust-lang/crates.io-index"
checksum = "21eaa04e945bec7e2dc7383817c566881d9a83d20a07cc949b54585873585a48"
dependencies = [
 "cfg-if",
 "dirs-sys-next",
]

[[package]]
name = "dirs-sys-next"
version = "0.1.0"
source = "registry+https://github.com/rust-lang/crates.io-index"
checksum = "9c60f7b8a8953926148223260454befb50c751d3c50e1c178c4fd1ace4083c9a"
dependencies = [
 "libc",
 "redox_users",
 "winapi 0.3.8",
]

[[package]]
name = "dispatch"
version = "0.2.0"
source = "registry+https://github.com/rust-lang/crates.io-index"
checksum = "bd0c93bb4b0c6d9b77f4435b0ae98c24d17f1c45b2ff844c6151a07256ca923b"

[[package]]
name = "dlib"
version = "0.4.1"
source = "registry+https://github.com/rust-lang/crates.io-index"
checksum = "77e51249a9d823a4cb79e3eca6dcd756153e8ed0157b6c04775d04bf1b13b76a"
dependencies = [
 "libloading",
]

[[package]]
name = "downcast-rs"
version = "1.1.1"
source = "registry+https://github.com/rust-lang/crates.io-index"
checksum = "52ba6eb47c2131e784a38b726eb54c1e1484904f013e576a25354d0124161af6"

[[package]]
name = "flate2"
version = "1.0.16"
source = "registry+https://github.com/rust-lang/crates.io-index"
checksum = "68c90b0fc46cf89d227cc78b40e494ff81287a92dd07631e5af0d06fe3cf885e"
dependencies = [
 "cfg-if",
 "crc32fast",
 "libc",
 "miniz_oxide",
]

[[package]]
name = "fnv"
version = "1.0.7"
source = "registry+https://github.com/rust-lang/crates.io-index"
checksum = "3f9eec918d3f24069decb9af1554cad7c880e2da24a9afd88aca000531ab82c1"

[[package]]
name = "foreign-types"
version = "0.3.2"
source = "registry+https://github.com/rust-lang/crates.io-index"
checksum = "f6f339eb8adc052cd2ca78910fda869aefa38d22d5cb648e6485e4d3fc06f3b1"
dependencies = [
 "foreign-types-shared",
]

[[package]]
name = "foreign-types-shared"
version = "0.1.1"
source = "registry+https://github.com/rust-lang/crates.io-index"
checksum = "00b0228411908ca8685dba7fc2cdd70ec9990a6e753e89b6ac91a84c40fbaf4b"

[[package]]
name = "fuchsia-zircon"
version = "0.3.3"
source = "registry+https://github.com/rust-lang/crates.io-index"
checksum = "2e9763c69ebaae630ba35f74888db465e49e259ba1bc0eda7d06f4a067615d82"
dependencies = [
 "bitflags 1.2.1",
 "fuchsia-zircon-sys",
]

[[package]]
name = "fuchsia-zircon-sys"
version = "0.3.3"
source = "registry+https://github.com/rust-lang/crates.io-index"
checksum = "3dcaa9ae7725d12cdb85b3ad99a434db70b468c09ded17e012d86b5c1010f7a7"

[[package]]
name = "futures"
version = "0.3.5"
source = "registry+https://github.com/rust-lang/crates.io-index"
checksum = "1e05b85ec287aac0dc34db7d4a569323df697f9c55b99b15d6b4ef8cde49f613"
dependencies = [
 "futures-channel",
 "futures-core",
 "futures-executor",
 "futures-io",
 "futures-sink",
 "futures-task",
 "futures-util",
]

[[package]]
name = "futures-channel"
version = "0.3.5"
source = "registry+https://github.com/rust-lang/crates.io-index"
checksum = "f366ad74c28cca6ba456d95e6422883cfb4b252a83bed929c83abfdbbf2967d5"
dependencies = [
 "futures-core",
 "futures-sink",
]

[[package]]
name = "futures-core"
version = "0.3.5"
source = "registry+https://github.com/rust-lang/crates.io-index"
checksum = "59f5fff90fd5d971f936ad674802482ba441b6f09ba5e15fd8b39145582ca399"

[[package]]
name = "futures-executor"
version = "0.3.5"
source = "registry+https://github.com/rust-lang/crates.io-index"
checksum = "10d6bb888be1153d3abeb9006b11b02cf5e9b209fda28693c31ae1e4e012e314"
dependencies = [
 "futures-core",
 "futures-task",
 "futures-util",
 "num_cpus",
]

[[package]]
name = "futures-io"
version = "0.3.5"
source = "registry+https://github.com/rust-lang/crates.io-index"
checksum = "de27142b013a8e869c14957e6d2edeef89e97c289e69d042ee3a49acd8b51789"

[[package]]
name = "futures-macro"
version = "0.3.5"
source = "registry+https://github.com/rust-lang/crates.io-index"
checksum = "d0b5a30a4328ab5473878237c447333c093297bded83a4983d10f4deea240d39"
dependencies = [
 "proc-macro-hack",
 "proc-macro2 1.0.12",
 "quote 1.0.4",
 "syn",
]

[[package]]
name = "futures-sink"
version = "0.3.5"
source = "registry+https://github.com/rust-lang/crates.io-index"
checksum = "3f2032893cb734c7a05d85ce0cc8b8c4075278e93b24b66f9de99d6eb0fa8acc"

[[package]]
name = "futures-task"
version = "0.3.5"
source = "registry+https://github.com/rust-lang/crates.io-index"
checksum = "bdb66b5f09e22019b1ab0830f7785bcea8e7a42148683f99214f73f8ec21a626"
dependencies = [
 "once_cell",
]

[[package]]
name = "futures-util"
version = "0.3.5"
source = "registry+https://github.com/rust-lang/crates.io-index"
checksum = "8764574ff08b701a084482c3c7031349104b07ac897393010494beaa18ce32c6"
dependencies = [
 "futures-channel",
 "futures-core",
 "futures-io",
 "futures-macro",
 "futures-sink",
 "futures-task",
 "memchr",
 "pin-project",
 "pin-utils",
 "proc-macro-hack",
 "proc-macro-nested",
 "slab",
]

[[package]]
name = "fuzzy-matcher"
version = "0.3.4"
source = "registry+https://github.com/rust-lang/crates.io-index"
checksum = "75a03d6d8629fcd151ece9d3a7f59a87fc38a620ab0290bf2888c2ad73821170"
dependencies = [
 "thread_local",
]

[[package]]
name = "getrandom"
version = "0.1.14"
source = "registry+https://github.com/rust-lang/crates.io-index"
checksum = "7abc8dd8451921606d809ba32e95b6111925cd2906060d2dcc29c070220503eb"
dependencies = [
 "cfg-if",
 "libc",
 "wasi",
]

[[package]]
name = "glib-sys"
version = "0.4.0"
source = "registry+https://github.com/rust-lang/crates.io-index"
checksum = "cdd7d911c5dc610aabe37caae7d3b9d2cfe6d8f4c85ff4c062f3d6f490e75067"
dependencies = [
 "bitflags 0.9.1",
 "libc",
 "pkg-config",
]

[[package]]
name = "gobject-sys"
version = "0.4.0"
source = "registry+https://github.com/rust-lang/crates.io-index"
checksum = "edc95561e538381576425264a4ddd08c65d5da218f10b2a47b4479dd147775da"
dependencies = [
 "bitflags 0.9.1",
 "glib-sys",
 "libc",
 "pkg-config",
]

[[package]]
name = "half"
version = "1.5.0"
source = "registry+https://github.com/rust-lang/crates.io-index"
checksum = "f36b5f248235f45773d4944f555f83ea61fe07b18b561ccf99d7483d7381e54d"

[[package]]
name = "hermit-abi"
version = "0.1.12"
source = "registry+https://github.com/rust-lang/crates.io-index"
checksum = "61565ff7aaace3525556587bd2dc31d4a07071957be715e63ce7b1eccf51a8f4"
dependencies = [
 "libc",
]

[[package]]
name = "indexmap"
version = "1.4.0"
source = "registry+https://github.com/rust-lang/crates.io-index"
checksum = "c398b2b113b55809ceb9ee3e753fcbac793f1956663f3c36549c1346015c2afe"
dependencies = [
 "autocfg",
]

[[package]]
name = "instant"
version = "0.1.2"
source = "registry+https://github.com/rust-lang/crates.io-index"
checksum = "6c346c299e3fe8ef94dc10c2c0253d858a69aac1245157a3bf4125915d528caf"

[[package]]
name = "iovec"
version = "0.1.4"
source = "registry+https://github.com/rust-lang/crates.io-index"
checksum = "b2b3ea6ff95e175473f8ffe6a7eb7c00d054240321b84c57051175fe3c1e075e"
dependencies = [
 "libc",
]

[[package]]
name = "itoa"
version = "0.4.6"
source = "registry+https://github.com/rust-lang/crates.io-index"
checksum = "dc6f3ad7b9d11a0c00842ff8de1b60ee58661048eb8049ed33c73594f359d7e6"

[[package]]
name = "kernel32-sys"
version = "0.2.2"
source = "registry+https://github.com/rust-lang/crates.io-index"
checksum = "7507624b29483431c0ba2d82aece8ca6cdba9382bff4ddd0f7490560c056098d"
dependencies = [
 "winapi 0.2.8",
 "winapi-build",
]

[[package]]
name = "lazy_static"
version = "1.4.0"
source = "registry+https://github.com/rust-lang/crates.io-index"
checksum = "e2abad23fbc42b3700f2f279844dc832adb2b2eb069b2df918f455c4e18cc646"

[[package]]
name = "lazycell"
version = "1.2.1"
source = "registry+https://github.com/rust-lang/crates.io-index"
checksum = "b294d6fa9ee409a054354afc4352b0b9ef7ca222c69b8812cbea9e7d2bf3783f"

[[package]]
name = "libc"
version = "0.2.69"
source = "registry+https://github.com/rust-lang/crates.io-index"
checksum = "99e85c08494b21a9054e7fe1374a732aeadaff3980b6990b94bfd3a70f690005"

[[package]]
name = "libloading"
version = "0.5.2"
source = "registry+https://github.com/rust-lang/crates.io-index"
checksum = "f2b111a074963af1d37a139918ac6d49ad1d0d5e47f72fd55388619691a7d753"
dependencies = [
 "cc",
 "winapi 0.3.8",
]

[[package]]
name = "line-wrap"
version = "0.1.1"
source = "registry+https://github.com/rust-lang/crates.io-index"
checksum = "f30344350a2a51da54c1d53be93fade8a237e545dbcc4bdbe635413f2117cab9"
dependencies = [
 "safemem",
]

[[package]]
name = "line_drawing"
version = "0.7.0"
source = "registry+https://github.com/rust-lang/crates.io-index"
checksum = "5cc7ad3d82c845bdb5dde34ffdcc7a5fb4d2996e1e1ee0f19c33bc80e15196b9"
dependencies = [
 "num-traits",
]

[[package]]
name = "linked-hash-map"
version = "0.5.3"
source = "registry+https://github.com/rust-lang/crates.io-index"
checksum = "8dd5a6d5999d9907cda8ed67bbd137d3af8085216c2ac62de5be860bd41f304a"

[[package]]
name = "lock_api"
version = "0.3.4"
source = "registry+https://github.com/rust-lang/crates.io-index"
checksum = "c4da24a77a3d8a6d4862d95f72e6fdb9c09a643ecdb402d754004a557f2bec75"
dependencies = [
 "scopeguard",
]

[[package]]
name = "log"
version = "0.4.8"
source = "registry+https://github.com/rust-lang/crates.io-index"
checksum = "14b6052be84e6b71ab17edffc2eeabf5c2c3ae1fdb464aae35ac50c67a44e1f7"
dependencies = [
 "cfg-if",
]

[[package]]
name = "malloc_buf"
version = "0.0.6"
source = "registry+https://github.com/rust-lang/crates.io-index"
checksum = "62bb907fe88d54d8d9ce32a3cceab4218ed2f6b7d35617cafe9adf84e43919cb"
dependencies = [
 "libc",
]

[[package]]
name = "maybe-uninit"
version = "2.0.0"
source = "registry+https://github.com/rust-lang/crates.io-index"
checksum = "60302e4db3a61da70c0cb7991976248362f30319e88850c487b9b95bbf059e00"

[[package]]
name = "memchr"
version = "2.3.3"
source = "registry+https://github.com/rust-lang/crates.io-index"
checksum = "3728d817d99e5ac407411fa471ff9800a778d88a24685968b36824eaf4bee400"

[[package]]
name = "memmap"
version = "0.7.0"
source = "registry+https://github.com/rust-lang/crates.io-index"
checksum = "6585fd95e7bb50d6cc31e20d4cf9afb4e2ba16c5846fc76793f11218da9c475b"
dependencies = [
 "libc",
 "winapi 0.3.8",
]

[[package]]
name = "memoffset"
version = "0.5.5"
source = "registry+https://github.com/rust-lang/crates.io-index"
checksum = "c198b026e1bbf08a937e94c6c60f9ec4a2267f5b0d2eec9c1b21b061ce2be55f"
dependencies = [
 "autocfg",
]

[[package]]
name = "miniz_oxide"
version = "0.4.0"
source = "registry+https://github.com/rust-lang/crates.io-index"
checksum = "be0f75932c1f6cfae3c04000e40114adf955636e19040f9c0a2c380702aa1c7f"
dependencies = [
 "adler",
]

[[package]]
name = "mio"
version = "0.6.21"
source = "registry+https://github.com/rust-lang/crates.io-index"
checksum = "302dec22bcf6bae6dfb69c647187f4b4d0fb6f535521f7bc022430ce8e12008f"
dependencies = [
 "cfg-if",
 "fuchsia-zircon",
 "fuchsia-zircon-sys",
 "iovec",
 "kernel32-sys",
 "libc",
 "log",
 "miow",
 "net2",
 "slab",
 "winapi 0.2.8",
]

[[package]]
name = "mio-extras"
version = "2.0.6"
source = "registry+https://github.com/rust-lang/crates.io-index"
checksum = "52403fe290012ce777c4626790c8951324a2b9e3316b3143779c72b029742f19"
dependencies = [
 "lazycell",
 "log",
 "mio",
 "slab",
]

[[package]]
name = "miow"
version = "0.2.1"
source = "registry+https://github.com/rust-lang/crates.io-index"
checksum = "8c1f2f3b1cf331de6896aabf6e9d55dca90356cc9960cca7eaaf408a355ae919"
dependencies = [
 "kernel32-sys",
 "net2",
 "winapi 0.2.8",
 "ws2_32-sys",
]

[[package]]
name = "net2"
version = "0.2.33"
source = "registry+https://github.com/rust-lang/crates.io-index"
checksum = "42550d9fb7b6684a6d404d9fa7250c2eb2646df731d1c06afc06dcee9e1bcf88"
dependencies = [
 "cfg-if",
 "libc",
 "winapi 0.3.8",
]

[[package]]
name = "nix"
version = "0.14.1"
source = "registry+https://github.com/rust-lang/crates.io-index"
checksum = "6c722bee1037d430d0f8e687bbdbf222f27cc6e4e68d5caf630857bb2b6dbdce"
dependencies = [
 "bitflags 1.2.1",
 "cc",
 "cfg-if",
 "libc",
 "void",
]

[[package]]
name = "nix"
version = "0.17.0"
source = "registry+https://github.com/rust-lang/crates.io-index"
checksum = "50e4785f2c3b7589a0d0c1dd60285e1188adac4006e8abd6dd578e1567027363"
dependencies = [
 "bitflags 1.2.1",
 "cc",
 "cfg-if",
 "libc",
 "void",
]

[[package]]
name = "nng"
version = "0.5.1"
source = "registry+https://github.com/rust-lang/crates.io-index"
checksum = "6b33705908296af2b9f88498eb6f22f1b4c9821a540c6c31fb5a70117477c426"
dependencies = [
 "log",
 "nng-sys",
]

[[package]]
name = "nng-sys"
version = "1.1.1-rc.2"
source = "registry+https://github.com/rust-lang/crates.io-index"
checksum = "219ff181fe150cb705cc47d64c726576d34f058c024e89bcebeed2a8793ae371"
dependencies = [
 "cmake",
]

[[package]]
name = "num-integer"
version = "0.1.43"
source = "registry+https://github.com/rust-lang/crates.io-index"
checksum = "8d59457e662d541ba17869cf51cf177c0b5f0cbf476c66bdc90bf1edac4f875b"
dependencies = [
 "autocfg",
 "num-traits",
]

[[package]]
name = "num-traits"
version = "0.2.11"
source = "registry+https://github.com/rust-lang/crates.io-index"
checksum = "c62be47e61d1842b9170f0fdeec8eba98e60e90e5446449a0545e5152acd7096"
dependencies = [
 "autocfg",
]

[[package]]
name = "num_cpus"
version = "1.13.0"
source = "registry+https://github.com/rust-lang/crates.io-index"
checksum = "05499f3756671c15885fee9034446956fff3f243d6077b91e5767df161f766b3"
dependencies = [
 "hermit-abi",
 "libc",
]

[[package]]
name = "objc"
version = "0.2.7"
source = "registry+https://github.com/rust-lang/crates.io-index"
checksum = "915b1b472bc21c53464d6c8461c9d3af805ba1ef837e1cac254428f4a77177b1"
dependencies = [
 "malloc_buf",
]

[[package]]
name = "once_cell"
version = "1.4.0"
source = "registry+https://github.com/rust-lang/crates.io-index"
checksum = "0b631f7e854af39a1739f401cf34a8a013dfe09eac4fa4dba91e9768bd28168d"

[[package]]
name = "onig"
version = "6.0.0"
source = "registry+https://github.com/rust-lang/crates.io-index"
checksum = "bd91ccd8a02fce2f7e8a86655aec67bc6c171e6f8e704118a0e8c4b866a05a8a"
dependencies = [
 "bitflags 1.2.1",
 "lazy_static",
 "libc",
 "onig_sys",
]

[[package]]
name = "onig_sys"
version = "69.5.0"
source = "registry+https://github.com/rust-lang/crates.io-index"
checksum = "3814583fad89f3c60ae0701d80e87e1fd3028741723deda72d0d4a0ecf0cb0db"
dependencies = [
 "cc",
 "pkg-config",
]

[[package]]
name = "ordered-float"
version = "1.0.2"
source = "registry+https://github.com/rust-lang/crates.io-index"
checksum = "18869315e81473c951eb56ad5558bbc56978562d3ecfb87abb7a1e944cea4518"
dependencies = [
 "num-traits",
]

[[package]]
name = "pango-sys"
version = "0.4.0"
source = "registry+https://github.com/rust-lang/crates.io-index"
checksum = "e6ec8d90306b5ff43f5836f4363267ea95be02b3df71d2b31ba8fbb1680bdee1"
dependencies = [
 "bitflags 0.9.1",
 "glib-sys",
 "gobject-sys",
 "libc",
 "pkg-config",
]

[[package]]
name = "pangocairo-sys"
version = "0.4.0"
source = "registry+https://github.com/rust-lang/crates.io-index"
checksum = "c26c200ef32a682bf8b693b47996c3c33e0b2de32b30f7251cc60673ad513bef"
dependencies = [
 "cairo-sys-rs",
 "glib-sys",
 "libc",
 "pango-sys",
 "pkg-config",
]

[[package]]
name = "parking_lot"
version = "0.10.2"
source = "registry+https://github.com/rust-lang/crates.io-index"
checksum = "d3a704eb390aafdc107b0e392f56a82b668e3a71366993b5340f5833fd62505e"
dependencies = [
 "lock_api",
 "parking_lot_core",
]

[[package]]
name = "parking_lot_core"
version = "0.7.1"
source = "registry+https://github.com/rust-lang/crates.io-index"
checksum = "0e136c1904604defe99ce5fd71a28d473fa60a12255d511aa78a9ddf11237aeb"
dependencies = [
 "cfg-if",
 "cloudabi",
 "libc",
 "redox_syscall",
 "smallvec",
 "winapi 0.3.8",
]

[[package]]
name = "percent-encoding"
version = "2.1.0"
source = "registry+https://github.com/rust-lang/crates.io-index"
checksum = "d4fd5641d01c8f18a23da7b6fe29298ff4b55afcccdf78973b24cf3175fee32e"

[[package]]
name = "pico-args"
version = "0.3.2"
source = "registry+https://github.com/rust-lang/crates.io-index"
checksum = "6a71836ceac43f0349e3bd964f5bb902f7b003916f32a4ad00354dafc447fa8f"

[[package]]
name = "pin-project"
version = "0.4.20"
source = "registry+https://github.com/rust-lang/crates.io-index"
checksum = "e75373ff9037d112bb19bc61333a06a159eaeb217660dcfbea7d88e1db823919"
dependencies = [
 "pin-project-internal",
]

[[package]]
name = "pin-project-internal"
version = "0.4.20"
source = "registry+https://github.com/rust-lang/crates.io-index"
checksum = "10b4b44893d3c370407a1d6a5cfde7c41ae0478e31c516c85f67eb3adc51be6d"
dependencies = [
 "proc-macro2 1.0.12",
 "quote 1.0.4",
 "syn",
]

[[package]]
name = "pin-utils"
version = "0.1.0"
source = "registry+https://github.com/rust-lang/crates.io-index"
checksum = "8b870d8c151b6f2fb93e84a13146138f05d02ed11c7e7c54f8826aaaf7c9f184"

[[package]]
name = "pk-client"
version = "0.4.0"
dependencies = [
 "directories-next",
 "futures",
 "fuzzy-matcher",
 "lazy_static",
 "nng",
 "nng-sys",
 "pico-args",
 "pk-common",
 "regex",
 "runic",
 "serde",
 "serde_cbor",
 "syntect",
 "toml",
 "uproc",
]

[[package]]
name = "pk-common"
version = "0.4.0"
dependencies = [
 "rand",
 "serde",
]

[[package]]
name = "pk-server"
version = "0.4.0"
dependencies = [
 "directories-next",
 "nng",
 "nng-sys",
 "pico-args",
 "pk-common",
 "serde",
 "serde_cbor",
 "threadpool",
 "toml",
]

[[package]]
name = "pkg-config"
version = "0.3.17"
source = "registry+https://github.com/rust-lang/crates.io-index"
checksum = "05da548ad6865900e60eaba7f589cc0783590a92e940c26953ff81ddbab2d677"

[[package]]
name = "plist"
version = "1.0.0"
source = "registry+https://github.com/rust-lang/crates.io-index"
checksum = "7b336d94e8e4ce29bf15bba393164629764744c567e8ad306cc1fdd0119967fd"
dependencies = [
 "base64 0.12.3",
 "chrono",
 "indexmap",
 "line-wrap",
 "serde",
 "xml-rs",
]

[[package]]
name = "ppv-lite86"
version = "0.2.8"
source = "registry+https://github.com/rust-lang/crates.io-index"
checksum = "237a5ed80e274dbc66f86bd59c1e25edc039660be53194b5fe0a482e0f2612ea"

[[package]]
name = "proc-macro-hack"
version = "0.5.16"
source = "registry+https://github.com/rust-lang/crates.io-index"
checksum = "7e0456befd48169b9f13ef0f0ad46d492cf9d2dbb918bcf38e01eed4ce3ec5e4"

[[package]]
name = "proc-macro-nested"
version = "0.1.5"
source = "registry+https://github.com/rust-lang/crates.io-index"
checksum = "0afe1bd463b9e9ed51d0e0f0b50b6b146aec855c56fd182bb242388710a9b6de"

[[package]]
name = "proc-macro2"
version = "0.4.30"
source = "registry+https://github.com/rust-lang/crates.io-index"
checksum = "cf3d2011ab5c909338f7887f4fc896d35932e29146c12c8d01da6b22a80ba759"
dependencies = [
 "unicode-xid 0.1.0",
]

[[package]]
name = "proc-macro2"
version = "1.0.12"
source = "registry+https://github.com/rust-lang/crates.io-index"
checksum = "8872cf6f48eee44265156c111456a700ab3483686b3f96df4cf5481c89157319"
dependencies = [
 "unicode-xid 0.2.0",
]

[[package]]
name = "quote"
version = "0.6.13"
source = "registry+https://github.com/rust-lang/crates.io-index"
checksum = "6ce23b6b870e8f94f81fb0a363d65d86675884b34a09043c81e5562f11c1f8e1"
dependencies = [
 "proc-macro2 0.4.30",
]

[[package]]
name = "quote"
version = "1.0.4"
source = "registry+https://github.com/rust-lang/crates.io-index"
checksum = "4c1f4b0efa5fc5e8ceb705136bfee52cfdb6a4e3509f770b478cd6ed434232a7"
dependencies = [
 "proc-macro2 1.0.12",
]

[[package]]
name = "rand"
version = "0.7.3"
source = "registry+https://github.com/rust-lang/crates.io-index"
checksum = "6a6b1679d49b24bbfe0c803429aa1874472f50d9b363131f0e89fc356b544d03"
dependencies = [
 "getrandom",
 "libc",
 "rand_chacha",
 "rand_core",
 "rand_hc",
]

[[package]]
name = "rand_chacha"
version = "0.2.2"
source = "registry+https://github.com/rust-lang/crates.io-index"
checksum = "f4c8ed856279c9737206bf725bf36935d8666ead7aa69b52be55af369d193402"
dependencies = [
 "ppv-lite86",
 "rand_core",
]

[[package]]
name = "rand_core"
version = "0.5.1"
source = "registry+https://github.com/rust-lang/crates.io-index"
checksum = "90bde5296fc891b0cef12a6d03ddccc162ce7b2aff54160af9338f8d40df6d19"
dependencies = [
 "getrandom",
]

[[package]]
name = "rand_hc"
version = "0.2.0"
source = "registry+https://github.com/rust-lang/crates.io-index"
checksum = "ca3129af7b92a17112d59ad498c6f81eaf463253766b90396d39ea7a39d6613c"
dependencies = [
 "rand_core",
]

[[package]]
name = "raw-window-handle"
version = "0.3.3"
source = "registry+https://github.com/rust-lang/crates.io-index"
checksum = "0a441a7a6c80ad6473bd4b74ec1c9a4c951794285bf941c2126f607c72e48211"
dependencies = [
 "libc",
]

[[package]]
name = "redox_syscall"
version = "0.1.56"
source = "registry+https://github.com/rust-lang/crates.io-index"
checksum = "2439c63f3f6139d1b57529d16bc3b8bb855230c8efcc5d3a896c8bea7c3b1e84"

[[package]]
name = "redox_users"
version = "0.3.4"
source = "registry+https://github.com/rust-lang/crates.io-index"
checksum = "09b23093265f8d200fa7b4c2c76297f47e681c655f6f1285a8780d6a022f7431"
dependencies = [
 "getrandom",
 "redox_syscall",
 "rust-argon2",
]

[[package]]
name = "regex"
version = "1.3.7"
source = "registry+https://github.com/rust-lang/crates.io-index"
checksum = "a6020f034922e3194c711b82a627453881bc4682166cabb07134a10c26ba7692"
dependencies = [
 "aho-corasick",
 "memchr",
 "regex-syntax",
 "thread_local",
]

[[package]]
name = "regex-syntax"
version = "0.6.17"
source = "registry+https://github.com/rust-lang/crates.io-index"
checksum = "7fe5bd57d1d7414c6b5ed48563a2c855d995ff777729dcd91c369ec7fea395ae"

[[package]]
name = "runic"
version = "0.8.0"
dependencies = [
 "cairo-sys-rs",
 "cocoa 0.23.0",
 "gobject-sys",
 "objc",
 "pango-sys",
 "pangocairo-sys",
 "servo-egl",
 "wayland-egl",
 "winapi 0.3.8",
 "winit",
 "x11-dl",
]

[[package]]
name = "rust-argon2"
version = "0.7.0"
source = "registry+https://github.com/rust-lang/crates.io-index"
checksum = "2bc8af4bda8e1ff4932523b94d3dd20ee30a87232323eda55903ffd71d2fb017"
dependencies = [
 "base64 0.11.0",
 "blake2b_simd",
 "constant_time_eq",
 "crossbeam-utils",
]

[[package]]
name = "rusttype"
version = "0.7.9"
source = "registry+https://github.com/rust-lang/crates.io-index"
checksum = "310942406a39981bed7e12b09182a221a29e0990f3e7e0c971f131922ed135d5"
dependencies = [
 "rusttype 0.8.3",
]

[[package]]
name = "rusttype"
version = "0.8.3"
source = "registry+https://github.com/rust-lang/crates.io-index"
checksum = "9f61411055101f7b60ecf1041d87fb74205fb20b0c7a723f07ef39174cf6b4c0"
dependencies = [
 "approx",
 "ordered-float",
 "stb_truetype",
]

[[package]]
name = "ryu"
version = "1.0.5"
source = "registry+https://github.com/rust-lang/crates.io-index"
checksum = "71d301d4193d031abdd79ff7e3dd721168a9572ef3fe51a1517aba235bd8f86e"

[[package]]
name = "safemem"
version = "0.3.3"
source = "registry+https://github.com/rust-lang/crates.io-index"
checksum = "ef703b7cb59335eae2eb93ceb664c0eb7ea6bf567079d843e09420219668e072"

[[package]]
name = "same-file"
version = "1.0.6"
source = "registry+https://github.com/rust-lang/crates.io-index"
checksum = "93fc1dc3aaa9bfed95e02e6eadabb4baf7e3078b0bd1b4d7b6b0b68378900502"
dependencies = [
 "winapi-util",
]

[[package]]
name = "scoped-tls"
version = "1.0.0"
source = "registry+https://github.com/rust-lang/crates.io-index"
checksum = "ea6a9290e3c9cf0f18145ef7ffa62d68ee0bf5fcd651017e586dc7fd5da448c2"

[[package]]
name = "scopeguard"
version = "1.1.0"
source = "registry+https://github.com/rust-lang/crates.io-index"
checksum = "d29ab0c6d3fc0ee92fe66e2d99f700eab17a8d57d1c1d3b748380fb20baa78cd"

[[package]]
name = "serde"
version = "1.0.106"
source = "registry+https://github.com/rust-lang/crates.io-index"
checksum = "36df6ac6412072f67cf767ebbde4133a5b2e88e76dc6187fa7104cd16f783399"
dependencies = [
 "serde_derive",
]

[[package]]
name = "serde_cbor"
version = "0.11.1"
source = "registry+https://github.com/rust-lang/crates.io-index"
checksum = "1e18acfa2f90e8b735b2836ab8d538de304cbb6729a7360729ea5a895d15a622"
dependencies = [
 "half",
 "serde",
]

[[package]]
name = "serde_derive"
version = "1.0.106"
source = "registry+https://github.com/rust-lang/crates.io-index"
checksum = "9e549e3abf4fb8621bd1609f11dfc9f5e50320802273b12f3811a67e6716ea6c"
dependencies = [
 "proc-macro2 1.0.12",
 "quote 1.0.4",
 "syn",
]

[[package]]
name = "serde_json"
version = "1.0.56"
source = "registry+https://github.com/rust-lang/crates.io-index"
checksum = "3433e879a558dde8b5e8feb2a04899cf34fdde1fafb894687e52105fc1162ac3"
dependencies = [
 "itoa",
 "ryu",
 "serde",
]

[[package]]
name = "servo-egl"
version = "0.2.1"
source = "registry+https://github.com/rust-lang/crates.io-index"
checksum = "21069a884c33fe6ee596975e1f3849ed88c4ec857fbaf11d33672d8ebe051217"
dependencies = [
 "libc",
]

[[package]]
name = "slab"
version = "0.4.2"
source = "registry+https://github.com/rust-lang/crates.io-index"
checksum = "c111b5bd5695e56cffe5129854aa230b39c93a305372fdbb2668ca2394eea9f8"

[[package]]
name = "smallvec"
version = "1.3.0"
source = "registry+https://github.com/rust-lang/crates.io-index"
checksum = "05720e22615919e4734f6a99ceae50d00226c3c5aca406e102ebc33298214e0a"

[[package]]
name = "smithay-client-toolkit"
version = "0.6.6"
source = "registry+https://github.com/rust-lang/crates.io-index"
checksum = "421c8dc7acf5cb205b88160f8b4cc2c5cfabe210e43b2f80f009f4c1ef910f1d"
dependencies = [
 "andrew",
 "bitflags 1.2.1",
 "dlib",
 "lazy_static",
 "memmap",
 "nix 0.14.1",
 "wayland-client 0.23.6",
 "wayland-protocols",
]

[[package]]
name = "stb_truetype"
version = "0.3.1"
source = "registry+https://github.com/rust-lang/crates.io-index"
checksum = "f77b6b07e862c66a9f3e62a07588fee67cd90a9135a2b942409f195507b4fb51"
dependencies = [
 "byteorder",
]

[[package]]
name = "syn"
version = "1.0.19"
source = "registry+https://github.com/rust-lang/crates.io-index"
checksum = "e8e5aa70697bb26ee62214ae3288465ecec0000f05182f039b477001f08f5ae7"
dependencies = [
 "proc-macro2 1.0.12",
 "quote 1.0.4",
 "unicode-xid 0.2.0",
]

[[package]]
name = "syntect"
version = "4.2.0"
source = "registry+https://github.com/rust-lang/crates.io-index"
checksum = "83b43a6ca1829ccb0c933b615c9ea83ffc8793ae240cecbd15119b13d741161d"
dependencies = [
 "bincode",
 "bitflags 1.2.1",
 "flate2",
 "fnv",
 "lazy_static",
 "lazycell",
 "onig",
 "plist",
 "regex-syntax",
 "serde",
 "serde_derive",
 "serde_json",
 "walkdir",
 "yaml-rust",
]

[[package]]
name = "thread_local"
version = "1.0.1"
source = "registry+https://github.com/rust-lang/crates.io-index"
checksum = "d40c6d1b69745a6ec6fb1ca717914848da4b44ae29d9b3080cbee91d72a69b14"
dependencies = [
 "lazy_static",
]

[[package]]
name = "threadpool"
version = "1.8.0"
source = "registry+https://github.com/rust-lang/crates.io-index"
checksum = "e8dae184447c15d5a6916d973c642aec485105a13cd238192a6927ae3e077d66"
dependencies = [
 "num_cpus",
]

[[package]]
name = "toml"
version = "0.5.6"
source = "registry+https://github.com/rust-lang/crates.io-index"
checksum = "ffc92d160b1eef40665be3a05630d003936a3bc7da7421277846c2613e92c71a"
dependencies = [
 "serde",
]

[[package]]
name = "unicode-xid"
version = "0.1.0"
source = "registry+https://github.com/rust-lang/crates.io-index"
checksum = "fc72304796d0818e357ead4e000d19c9c174ab23dc11093ac919054d20a6a7fc"

[[package]]
name = "unicode-xid"
version = "0.2.0"
source = "registry+https://github.com/rust-lang/crates.io-index"
checksum = "826e7639553986605ec5979c7dd957c7895e93eabed50ab2ffa7f6128a75097c"

[[package]]
name = "uproc"
version = "0.1.0"
dependencies = [
 "crossbeam",
 "futures",
 "num_cpus",
]

[[package]]
name = "void"
version = "1.0.2"
source = "registry+https://github.com/rust-lang/crates.io-index"
checksum = "6a02e4885ed3bc0f2de90ea6dd45ebcbb66dacffe03547fadbb0eeae2770887d"

[[package]]
name = "walkdir"
version = "2.3.1"
source = "registry+https://github.com/rust-lang/crates.io-index"
checksum = "777182bc735b6424e1a57516d35ed72cb8019d85c8c9bf536dccb3445c1a2f7d"
dependencies = [
 "same-file",
 "winapi 0.3.8",
 "winapi-util",
]

[[package]]
name = "wasi"
version = "0.9.0+wasi-snapshot-preview1"
source = "registry+https://github.com/rust-lang/crates.io-index"
checksum = "cccddf32554fecc6acb585f82a32a72e28b48f8c4c1883ddfeeeaa96f7d8e519"

[[package]]
name = "wayland-client"
version = "0.23.6"
source = "registry+https://github.com/rust-lang/crates.io-index"
checksum = "af1080ebe0efabcf12aef2132152f616038f2d7dcbbccf7b2d8c5270fe14bcda"
dependencies = [
 "bitflags 1.2.1",
 "calloop",
 "downcast-rs",
 "libc",
 "mio",
 "nix 0.14.1",
 "wayland-commons 0.23.6",
 "wayland-scanner 0.23.6",
 "wayland-sys 0.23.6",
]

[[package]]
name = "wayland-client"
version = "0.27.0"
source = "registry+https://github.com/rust-lang/crates.io-index"
checksum = "ab702fefbcd6d6f67fb5816e3a89a3b5a42a94290abbc015311c9a30d1068ae4"
dependencies = [
 "bitflags 1.2.1",
 "downcast-rs",
 "libc",
 "nix 0.17.0",
 "scoped-tls",
 "wayland-commons 0.27.0",
 "wayland-scanner 0.27.0",
 "wayland-sys 0.27.0",
]

[[package]]
name = "wayland-commons"
version = "0.23.6"
source = "registry+https://github.com/rust-lang/crates.io-index"
checksum = "bb66b0d1a27c39bbce712b6372131c6e25149f03ffb0cd017cf8f7de8d66dbdb"
dependencies = [
 "nix 0.14.1",
 "wayland-sys 0.23.6",
]

[[package]]
name = "wayland-commons"
version = "0.27.0"
source = "registry+https://github.com/rust-lang/crates.io-index"
checksum = "e972e9336ad5a9dd861b4e21ff35ad71d3e5c6b4803d65c39913612f851b95f1"
dependencies = [
 "nix 0.17.0",
 "once_cell",
 "smallvec",
 "wayland-sys 0.27.0",
]

[[package]]
name = "wayland-egl"
version = "0.27.0"
source = "registry+https://github.com/rust-lang/crates.io-index"
checksum = "123b47be6f258fffd854f016e8e7397adb8c04d984fcf308dce13714ae2231ae"
dependencies = [
 "wayland-client 0.27.0",
 "wayland-sys 0.27.0",
]

[[package]]
name = "wayland-protocols"
version = "0.23.6"
source = "registry+https://github.com/rust-lang/crates.io-index"
checksum = "6cc286643656742777d55dc8e70d144fa4699e426ca8e9d4ef454f4bf15ffcf9"
dependencies = [
 "bitflags 1.2.1",
 "wayland-client 0.23.6",
 "wayland-commons 0.23.6",
 "wayland-scanner 0.23.6",
]

[[package]]
name = "wayland-scanner"
version = "0.23.6"
source = "registry+https://github.com/rust-lang/crates.io-index"
checksum = "93b02247366f395b9258054f964fe293ddd019c3237afba9be2ccbe9e1651c3d"
dependencies = [
 "proc-macro2 0.4.30",
 "quote 0.6.13",
 "xml-rs",
]

[[package]]
name = "wayland-scanner"
version = "0.27.0"
source = "registry+https://github.com/rust-lang/crates.io-index"
checksum = "030f56009d932bd9400bb472764fea8109be1b0fc482d9cd75496c943ac30328"
dependencies = [
 "proc-macro2 1.0.12",
 "quote 1.0.4",
 "xml-rs",
]

[[package]]
name = "wayland-sys"
version = "0.23.6"
source = "registry+https://github.com/rust-lang/crates.io-index"
checksum = "d94e89a86e6d6d7c7c9b19ebf48a03afaac4af6bc22ae570e9a24124b75358f4"
dependencies = [
 "dlib",
 "lazy_static",
]

[[package]]
name = "wayland-sys"
version = "0.27.0"
source = "registry+https://github.com/rust-lang/crates.io-index"
checksum = "8bdeffbbb474477dfa2acb45ac7479e5fe8f741c64ab032c5d11b94d07edc269"
dependencies = [
 "dlib",
 "pkg-config",
]

[[package]]
name = "winapi"
version = "0.2.8"
source = "registry+https://github.com/rust-lang/crates.io-index"
checksum = "167dc9d6949a9b857f3451275e911c3f44255842c1f7a76f33c55103a909087a"

[[package]]
name = "winapi"
version = "0.3.8"
source = "registry+https://github.com/rust-lang/crates.io-index"
checksum = "8093091eeb260906a183e6ae1abdba2ef5ef2257a21801128899c3fc699229c6"
dependencies = [
 "winapi-i686-pc-windows-gnu",
 "winapi-x86_64-pc-windows-gnu",
]

[[package]]
name = "winapi-build"
version = "0.1.1"
source = "registry+https://github.com/rust-lang/crates.io-index"
checksum = "2d315eee3b34aca4797b2da6b13ed88266e6d612562a0c46390af8299fc699bc"

[[package]]
name = "winapi-i686-pc-windows-gnu"
version = "0.4.0"
source = "registry+https://github.com/rust-lang/crates.io-index"
checksum = "ac3b87c63620426dd9b991e5ce0329eff545bccbbb34f3be09ff6fb6ab51b7b6"

[[package]]
name = "winapi-util"
version = "0.1.4"
source = "registry+https://github.com/rust-lang/crates.io-index"
checksum = "fa515c5163a99cc82bab70fd3bfdd36d827be85de63737b40fcef2ce084a436e"
dependencies = [
 "winapi 0.3.8",
]

[[package]]
name = "winapi-x86_64-pc-windows-gnu"
version = "0.4.0"
source = "registry+https://github.com/rust-lang/crates.io-index"
checksum = "712e227841d057c1ee1cd2fb22fa7e5a5461ae8e48fa2ca79ec42cfc1931183f"

[[package]]
name = "winit"
version = "0.22.0"
source = "registry+https://github.com/rust-lang/crates.io-index"
checksum = "02e9092b71b48ad6a0d98835a786308d10760cc09369d02e4a166608327f1f26"
dependencies = [
 "android_glue",
 "bitflags 1.2.1",
 "cocoa 0.19.1",
 "core-foundation 0.6.4",
 "core-graphics 0.17.3",
 "core-video-sys",
 "dispatch",
 "instant",
 "lazy_static",
 "libc",
 "log",
 "mio",
 "mio-extras",
 "objc",
 "parking_lot",
 "percent-encoding",
 "raw-window-handle",
 "smithay-client-toolkit",
 "wayland-client 0.23.6",
 "winapi 0.3.8",
 "x11-dl",
]

[[package]]
name = "ws2_32-sys"
version = "0.2.1"
source = "registry+https://github.com/rust-lang/crates.io-index"
checksum = "d59cefebd0c892fa2dd6de581e937301d8552cb44489cdff035c6187cb63fa5e"
dependencies = [
 "winapi 0.2.8",
 "winapi-build",
]

[[package]]
name = "x11-dl"
version = "2.18.5"
source = "registry+https://github.com/rust-lang/crates.io-index"
checksum = "2bf981e3a5b3301209754218f962052d4d9ee97e478f4d26d4a6eced34c1fef8"
dependencies = [
 "lazy_static",
 "libc",
 "maybe-uninit",
 "pkg-config",
]

[[package]]
name = "xdg"
version = "2.2.0"
source = "registry+https://github.com/rust-lang/crates.io-index"
checksum = "d089681aa106a86fade1b0128fb5daf07d5867a509ab036d99988dec80429a57"

[[package]]
name = "xml-rs"
version = "0.8.2"
source = "registry+https://github.com/rust-lang/crates.io-index"
checksum = "2bb76e5c421bbbeb8924c60c030331b345555024d56261dae8f3e786ed817c23"

[[package]]
name = "yaml-rust"
version = "0.4.4"
source = "registry+https://github.com/rust-lang/crates.io-index"
checksum = "39f0c922f1a334134dc2f7a8b67dc5d25f0735263feec974345ff706bcf20b0d"
dependencies = [
 "linked-hash-map",
]
